<?xml version="1.0" encoding="utf-8"?>
<Project ToolsVersion="4.0" xmlns="http://schemas.microsoft.com/developer/msbuild/2003">
  <ItemGroup>
    <ClCompile Include="AStarGraphSearch.cpp" />
    <ClCompile Include="Attack.cpp" />
    <ClCompile Include="BaseEntity.cpp" />
    <ClCompile Include="DepthFirstGraphSearch.cpp" />
    <ClCompile Include="Edge.cpp" />
    <ClCompile Include="Environment.cpp" />
    <ClCompile Include="FuzzyLogic.cpp" />
    <ClCompile Include="FuzzyModule.cpp" />
    <ClCompile Include="FuzzyOperators.cpp" />
    <ClCompile Include="FuzzyRule.cpp" />
    <ClCompile Include="FuzzySet.cpp" />
    <ClCompile Include="FuzzySet_LeftShoulder.cpp" />
    <ClCompile Include="FuzzySet_RightShoulder.cpp" />
    <ClCompile Include="FuzzySet_Singleton.cpp" />
    <ClCompile Include="FuzzySet_Triangle.cpp" />
    <ClCompile Include="FuzzyTerm.cpp" />
    <ClCompile Include="FuzzyVariable.cpp" />
    <ClCompile Include="Graph.cpp" />
    <ClCompile Include="GraphSearch.cpp" />
    <ClCompile Include="GraphSearchHeuristic.cpp" />
    <ClCompile Include="Hide.cpp" />
    <ClCompile Include="main.cpp" />
    <ClCompile Include="Matrix.cpp" />
    <ClCompile Include="MovingEntity.cpp" />
    <ClCompile Include="Node.cpp" />
    <ClCompile Include="Obstacle.cpp" />
    <ClCompile Include="Guard.cpp" />
    <ClCompile Include="OneSidedEdge.cpp" />
    <ClCompile Include="Path.cpp" />
    <ClCompile Include="Patrol.cpp" />
    <ClCompile Include="State.cpp" />
    <ClCompile Include="StateMachine.cpp" />
    <ClCompile Include="SteeringBehaviorGroup.cpp" />
    <ClCompile Include="TwoSidedEdge.cpp" />
    <ClCompile Include="Vector2D.cpp" />
    <ClCompile Include="Vector3D.cpp" />
    <ClCompile Include="Vehicle.cpp" />
    <ClCompile Include="Wall.cpp" />
    <ClCompile Include="Goal.cpp" />
    <ClCompile Include="CompositeGoal.cpp" />
    <ClCompile Include="Telegram.cpp" />
    <ClCompile Include="AtomicGoal.cpp" />
    <ClCompile Include="FuzzyLogicVehicle.cpp" />
  </ItemGroup>
  <ItemGroup>
    <ClInclude Include="AStarGraphSearch.h" />
    <ClInclude Include="Attack.h" />
    <ClInclude Include="BaseEntity.h" />
    <ClInclude Include="DepthFirstGraphSearch.h" />
    <ClInclude Include="Edge.h" />
    <ClInclude Include="Environment.h" />
    <ClInclude Include="FuzzyModule.h" />
    <ClInclude Include="FuzzyOperators.h" />
    <ClInclude Include="FuzzyRule.h" />
    <ClInclude Include="FuzzySet.h" />
    <ClInclude Include="FuzzySet_LeftShoulder.h" />
    <ClInclude Include="FuzzySet_RightShoulder.h" />
    <ClInclude Include="FuzzySet_Singleton.h" />
    <ClInclude Include="FuzzySet_Triangle.h" />
    <ClInclude Include="FuzzyTerm.h" />
    <ClInclude Include="FuzzyVariable.h" />
    <ClInclude Include="FzSet.h" />
    <ClInclude Include="Graph.h" />
    <ClInclude Include="GraphSearch.h" />
    <ClInclude Include="GraphSearchHeuristic.h" />
    <ClInclude Include="Hide.h" />
    <ClInclude Include="Matrix.h" />
    <ClInclude Include="MovingEntity.h" />
    <ClInclude Include="Node.h" />
    <ClInclude Include="Obstacle.h" />
    <ClInclude Include="Guard.h" />
    <ClInclude Include="OneSidedEdge.h" />
    <ClInclude Include="Path.h" />
    <ClInclude Include="Patrol.h" />
    <ClInclude Include="State.h" />
    <ClInclude Include="StateMachine.h" />
    <ClInclude Include="SteeringBehaviorGroup.h" />
    <ClInclude Include="TwoSidedEdge.h" />
    <ClInclude Include="utils.h" />
    <ClInclude Include="Vector2D.h" />
    <ClInclude Include="Vector3D.h" />
    <ClInclude Include="Vehicle.h" />
    <ClInclude Include="Wall.h" />
    <ClInclude Include="Goal.h" />
    <ClInclude Include="CompositeGoal.h" />
    <ClInclude Include="Telegram.h" />
    <ClInclude Include="AtomicGoal.h" />
    <ClInclude Include="FuzzyLogicVehicle.h" />
  </ItemGroup>
</Project>