<?xml version="1.0" encoding="utf-8"?>
<Project ToolsVersion="4.0" xmlns="http://schemas.microsoft.com/developer/msbuild/2003">
  <ItemGroup>
    <Filter Include="Source Files">
      <UniqueIdentifier>{4FC737F1-C7A5-4376-A066-2A32D752A2FF}</UniqueIdentifier>
      <Extensions>cpp;c;cc;cxx;def;odl;idl;hpj;bat;asm;asmx</Extensions>
    </Filter>
    <Filter Include="Header Files">
      <UniqueIdentifier>{93995380-89BD-4b04-88EB-625FBE52EBFB}</UniqueIdentifier>
      <Extensions>h;hh;hpp;hxx;hm;inl;inc;xsd</Extensions>
    </Filter>
    <Filter Include="Resource Files">
      <UniqueIdentifier>{67DA6AB6-F800-4c08-8B7A-83BB121AAD01}</UniqueIdentifier>
      <Extensions>rc;ico;cur;bmp;dlg;rc2;rct;bin;rgs;gif;jpg;jpeg;jpe;resx;tiff;tif;png;wav;mfcribbon-ms</Extensions>
    </Filter>
  </ItemGroup>
  <ItemGroup>
    <ClCompile Include="Matrix.cpp">
      <Filter>Source Files</Filter>
    </ClCompile>
    <ClCompile Include="main.cpp">
      <Filter>Source Files</Filter>
    </ClCompile>
    <ClCompile Include="Vector3D.cpp">
      <Filter>Source Files</Filter>
    </ClCompile>
    <ClCompile Include="Vector2D.cpp">
      <Filter>Source Files</Filter>
    </ClCompile>
    <ClCompile Include="BaseEntity.cpp">
      <Filter>Source Files</Filter>
    </ClCompile>
    <ClCompile Include="MovingEntity.cpp">
      <Filter>Source Files</Filter>
    </ClCompile>
    <ClCompile Include="SteeringBehaviorGroup.cpp">
      <Filter>Source Files</Filter>
    </ClCompile>
    <ClCompile Include="Vehicle.cpp">
      <Filter>Source Files</Filter>
    </ClCompile>
    <ClCompile Include="Environment.cpp">
      <Filter>Source Files</Filter>
    </ClCompile>
    <ClCompile Include="Obstacle.cpp">
      <Filter>Source Files</Filter>
    </ClCompile>
    <ClCompile Include="StateMachine.cpp">
      <Filter>Source Files</Filter>
    </ClCompile>
    <ClCompile Include="State.cpp">
      <Filter>Source Files</Filter>
    </ClCompile>
    <ClCompile Include="Guard.cpp">
      <Filter>Source Files</Filter>
    </ClCompile>
    <ClCompile Include="Patrol.cpp">
      <Filter>Source Files</Filter>
    </ClCompile>
    <ClCompile Include="Hide.cpp">
      <Filter>Source Files</Filter>
    </ClCompile>
    <ClCompile Include="Attack.cpp">
      <Filter>Source Files</Filter>
    </ClCompile>
    <ClCompile Include="Wall.cpp">
      <Filter>Source Files</Filter>
    </ClCompile>
    <ClCompile Include="Path.cpp">
      <Filter>Source Files</Filter>
    </ClCompile>
    <ClCompile Include="Node.cpp">
      <Filter>Source Files</Filter>
    </ClCompile>
    <ClCompile Include="Edge.cpp">
      <Filter>Source Files</Filter>
    </ClCompile>
    <ClCompile Include="Graph.cpp">
      <Filter>Source Files</Filter>
    </ClCompile>
    <ClCompile Include="TwoSidedEdge.cpp">
      <Filter>Source Files</Filter>
    </ClCompile>
    <ClCompile Include="OneSidedEdge.cpp">
      <Filter>Source Files</Filter>
    </ClCompile>
    <ClCompile Include="GraphSearch.cpp">
      <Filter>Source Files</Filter>
    </ClCompile>
    <ClCompile Include="DepthFirstGraphSearch.cpp">
      <Filter>Source Files</Filter>
    </ClCompile>
    <ClCompile Include="AStarGraphSearch.cpp">
      <Filter>Source Files</Filter>
    </ClCompile>
    <ClCompile Include="GraphSearchHeuristic.cpp">
      <Filter>Source Files</Filter>
    </ClCompile>
  </ItemGroup>
  <ItemGroup>
    <ClInclude Include="Matrix.h">
      <Filter>Header Files</Filter>
    </ClInclude>
    <ClInclude Include="Vector3D.h">
      <Filter>Header Files</Filter>
    </ClInclude>
    <ClInclude Include="Vector2D.h">
      <Filter>Header Files</Filter>
    </ClInclude>
    <ClInclude Include="BaseEntity.h">
      <Filter>Header Files</Filter>
    </ClInclude>
    <ClInclude Include="MovingEntity.h">
      <Filter>Header Files</Filter>
    </ClInclude>
    <ClInclude Include="SteeringBehaviorGroup.h">
      <Filter>Header Files</Filter>
    </ClInclude>
    <ClInclude Include="Vehicle.h">
      <Filter>Header Files</Filter>
    </ClInclude>
    <ClInclude Include="Environment.h">
      <Filter>Header Files</Filter>
    </ClInclude>
    <ClInclude Include="Obstacle.h">
      <Filter>Header Files</Filter>
    </ClInclude>
    <ClInclude Include="StateMachine.h">
      <Filter>Header Files</Filter>
    </ClInclude>
    <ClInclude Include="State.h">
      <Filter>Header Files</Filter>
    </ClInclude>
    <ClInclude Include="Guard.h">
      <Filter>Header Files</Filter>
    </ClInclude>
    <ClInclude Include="Patrol.h">
      <Filter>Header Files</Filter>
    </ClInclude>
    <ClInclude Include="Hide.h">
      <Filter>Header Files</Filter>
    </ClInclude>
    <ClInclude Include="Attack.h">
      <Filter>Header Files</Filter>
    </ClInclude>
    <ClInclude Include="Wall.h">
      <Filter>Header Files</Filter>
    </ClInclude>
    <ClInclude Include="Path.h">
      <Filter>Header Files</Filter>
    </ClInclude>
    <ClInclude Include="Node.h">
      <Filter>Header Files</Filter>
    </ClInclude>
    <ClInclude Include="Edge.h">
      <Filter>Header Files</Filter>
    </ClInclude>
    <ClInclude Include="Graph.h">
      <Filter>Header Files</Filter>
    </ClInclude>
    <ClInclude Include="TwoSidedEdge.h">
      <Filter>Header Files</Filter>
    </ClInclude>
    <ClInclude Include="OneSidedEdge.h">
      <Filter>Header Files</Filter>
    </ClInclude>
    <ClInclude Include="GraphSearch.h">
      <Filter>Header Files</Filter>
    </ClInclude>
    <ClInclude Include="DepthFirstGraphSearch.h">
      <Filter>Header Files</Filter>
    </ClInclude>
    <ClInclude Include="AStarGraphSearch.h">
      <Filter>Header Files</Filter>
    </ClInclude>
    <ClInclude Include="GraphSearchHeuristic.h">
      <Filter>Header Files</Filter>
    </ClInclude>
  </ItemGroup>
</Project>